
Microsoft Visual Studio Solution File, Format Version 12.00
# Visual Studio Version 17
VisualStudioVersion = 17.8.34511.84
MinimumVisualStudioVersion = 10.0.40219.1
Project("{FAE04EC0-301F-11D3-BF4B-00C04F79EFBC}") = "Chat_WF", "Chat_WF\Chat_WF.csproj", "{6E318EA9-03D2-4E69-A41B-3DE47F1FA5EB}"
EndProject
Global
	GlobalSection(SolutionConfigurationPlatforms) = preSolution
		Debug|Any CPU = Debug|Any CPU
		Release|Any CPU = Release|Any CPU
	EndGlobalSection
	GlobalSection(ProjectConfigurationPlatforms) = postSolution
		{6E318EA9-03D2-4E69-A41B-3DE47F1FA5EB}.Debug|Any CPU.ActiveCfg = Debug|Any CPU
		{6E318EA9-03D2-4E69-A41B-3DE47F1FA5EB}.Debug|Any CPU.Build.0 = Debug|Any CPU
		{6E318EA9-03D2-4E69-A41B-3DE47F1FA5EB}.Release|Any CPU.ActiveCfg = Release|Any CPU
		{6E318EA9-03D2-4E69-A41B-3DE47F1FA5EB}.Release|Any CPU.Build.0 = Release|Any CPU
	EndGlobalSection
	GlobalSection(SolutionProperties) = preSolution
		HideSolutionNode = FALSE
	EndGlobalSection
	GlobalSection(ExtensibilityGlobals) = postSolution
		SolutionGuid = {8645BBE8-4207-413F-8994-751C5C0744E3}
	EndGlobalSection
EndGlobal
